// !$*UTF8*$!
{
	archiveVersion = 1;
	classes = {
	};
	objectVersion = 46;
	objects = {

/* Begin PBXBuildFile section */
		42257176194013990056349A /* TableViewController1.m in Sources */ = {isa = PBXBuildFile; fileRef = 42257175194013990056349A /* TableViewController1.m */; };
		42257178194025AA0056349A /* book-cover-basic-200.jpg in Resources */ = {isa = PBXBuildFile; fileRef = 42257177194025AA0056349A /* book-cover-basic-200.jpg */; };
		422571A0194058AC0056349A /* CustomCell.m in Sources */ = {isa = PBXBuildFile; fileRef = 4225719F194058AC0056349A /* CustomCell.m */; };
		428B333C194ABA75006B9E66 /* MyView.m in Sources */ = {isa = PBXBuildFile; fileRef = 428B333A194ABA75006B9E66 /* MyView.m */; };
		428B333D194ABA75006B9E66 /* MyView.xib in Resources */ = {isa = PBXBuildFile; fileRef = 428B333B194ABA75006B9E66 /* MyView.xib */; };
		428B3340194ADA21006B9E66 /* Shop.m in Sources */ = {isa = PBXBuildFile; fileRef = 428B333F194ADA21006B9E66 /* Shop.m */; };
		42E3C097193EFCDC006B2817 /* Foundation.framework in Frameworks */ = {isa = PBXBuildFile; fileRef = 42E3C096193EFCDC006B2817 /* Foundation.framework */; };
		42E3C099193EFCDC006B2817 /* CoreGraphics.framework in Frameworks */ = {isa = PBXBuildFile; fileRef = 42E3C098193EFCDC006B2817 /* CoreGraphics.framework */; };
		42E3C09B193EFCDC006B2817 /* UIKit.framework in Frameworks */ = {isa = PBXBuildFile; fileRef = 42E3C09A193EFCDC006B2817 /* UIKit.framework */; };
		42E3C0A1193EFCDC006B2817 /* InfoPlist.strings in Resources */ = {isa = PBXBuildFile; fileRef = 42E3C09F193EFCDC006B2817 /* InfoPlist.strings */; };
		42E3C0A3193EFCDC006B2817 /* main.m in Sources */ = {isa = PBXBuildFile; fileRef = 42E3C0A2193EFCDC006B2817 /* main.m */; };
		42E3C0A7193EFCDC006B2817 /* HelloAppDelegate.m in Sources */ = {isa = PBXBuildFile; fileRef = 42E3C0A6193EFCDC006B2817 /* HelloAppDelegate.m */; };
		42E3C0AA193EFCDC006B2817 /* Main.storyboard in Resources */ = {isa = PBXBuildFile; fileRef = 42E3C0A8193EFCDC006B2817 /* Main.storyboard */; };
		42E3C0AD193EFCDC006B2817 /* HelloViewController.m in Sources */ = {isa = PBXBuildFile; fileRef = 42E3C0AC193EFCDC006B2817 /* HelloViewController.m */; };
		42E3C0AF193EFCDC006B2817 /* Images.xcassets in Resources */ = {isa = PBXBuildFile; fileRef = 42E3C0AE193EFCDC006B2817 /* Images.xcassets */; };
		42E3C0B6193EFCDD006B2817 /* XCTest.framework in Frameworks */ = {isa = PBXBuildFile; fileRef = 42E3C0B5193EFCDD006B2817 /* XCTest.framework */; };
		42E3C0B7193EFCDD006B2817 /* Foundation.framework in Frameworks */ = {isa = PBXBuildFile; fileRef = 42E3C096193EFCDC006B2817 /* Foundation.framework */; };
		42E3C0B8193EFCDD006B2817 /* UIKit.framework in Frameworks */ = {isa = PBXBuildFile; fileRef = 42E3C09A193EFCDC006B2817 /* UIKit.framework */; };
		42E3C0C0193EFCDD006B2817 /* InfoPlist.strings in Resources */ = {isa = PBXBuildFile; fileRef = 42E3C0BE193EFCDD006B2817 /* InfoPlist.strings */; };
		42E3C0C2193EFCDD006B2817 /* TestTests.m in Sources */ = {isa = PBXBuildFile; fileRef = 42E3C0C1193EFCDD006B2817 /* TestTests.m */; };
/* End PBXBuildFile section */

/* Begin PBXContainerItemProxy section */
		42E3C0B9193EFCDD006B2817 /* PBXContainerItemProxy */ = {
			isa = PBXContainerItemProxy;
			containerPortal = 42E3C08B193EFCDC006B2817 /* Project object */;
			proxyType = 1;
			remoteGlobalIDString = 42E3C092193EFCDC006B2817;
			remoteInfo = Test;
		};
/* End PBXContainerItemProxy section */

/* Begin PBXFileReference section */
		42257174194013990056349A /* TableViewController1.h */ = {isa = PBXFileReference; fileEncoding = 4; lastKnownFileType = sourcecode.c.h; path = TableViewController1.h; sourceTree = "<group>"; };
		42257175194013990056349A /* TableViewController1.m */ = {isa = PBXFileReference; fileEncoding = 4; lastKnownFileType = sourcecode.c.objc; path = TableViewController1.m; sourceTree = "<group>"; };
		42257177194025AA0056349A /* book-cover-basic-200.jpg */ = {isa = PBXFileReference; lastKnownFileType = image.jpeg; name = "book-cover-basic-200.jpg"; path = "../../../Downloads/book-cover-basic-200.jpg"; sourceTree = "<group>"; };
		4225719E194058AC0056349A /* CustomCell.h */ = {isa = PBXFileReference; fileEncoding = 4; lastKnownFileType = sourcecode.c.h; path = CustomCell.h; sourceTree = "<group>"; };
		4225719F194058AC0056349A /* CustomCell.m */ = {isa = PBXFileReference; fileEncoding = 4; lastKnownFileType = sourcecode.c.objc; path = CustomCell.m; sourceTree = "<group>"; };
		428B3339194ABA75006B9E66 /* MyView.h */ = {isa = PBXFileReference; fileEncoding = 4; lastKnownFileType = sourcecode.c.h; path = MyView.h; sourceTree = "<group>"; };
		428B333A194ABA75006B9E66 /* MyView.m */ = {isa = PBXFileReference; fileEncoding = 4; lastKnownFileType = sourcecode.c.objc; path = MyView.m; sourceTree = "<group>"; };
		428B333B194ABA75006B9E66 /* MyView.xib */ = {isa = PBXFileReference; fileEncoding = 4; lastKnownFileType = file.xib; path = MyView.xib; sourceTree = "<group>"; };
		428B333E194ADA21006B9E66 /* Shop.h */ = {isa = PBXFileReference; fileEncoding = 4; lastKnownFileType = sourcecode.c.h; path = Shop.h; sourceTree = "<group>"; };
		428B333F194ADA21006B9E66 /* Shop.m */ = {isa = PBXFileReference; fileEncoding = 4; lastKnownFileType = sourcecode.c.objc; path = Shop.m; sourceTree = "<group>"; };
		42E3C093193EFCDC006B2817 /* Test.app */ = {isa = PBXFileReference; explicitFileType = wrapper.application; includeInIndex = 0; path = Test.app; sourceTree = BUILT_PRODUCTS_DIR; };
		42E3C096193EFCDC006B2817 /* Foundation.framework */ = {isa = PBXFileReference; lastKnownFileType = wrapper.framework; name = Foundation.framework; path = System/Library/Frameworks/Foundation.framework; sourceTree = SDKROOT; };
		42E3C098193EFCDC006B2817 /* CoreGraphics.framework */ = {isa = PBXFileReference; lastKnownFileType = wrapper.framework; name = CoreGraphics.framework; path = System/Library/Frameworks/CoreGraphics.framework; sourceTree = SDKROOT; };
		42E3C09A193EFCDC006B2817 /* UIKit.framework */ = {isa = PBXFileReference; lastKnownFileType = wrapper.framework; name = UIKit.framework; path = System/Library/Frameworks/UIKit.framework; sourceTree = SDKROOT; };
		42E3C09E193EFCDC006B2817 /* Test-Info.plist */ = {isa = PBXFileReference; lastKnownFileType = text.plist.xml; path = "Test-Info.plist"; sourceTree = "<group>"; };
		42E3C0A0193EFCDC006B2817 /* en */ = {isa = PBXFileReference; lastKnownFileType = text.plist.strings; name = en; path = en.lproj/InfoPlist.strings; sourceTree = "<group>"; };
		42E3C0A2193EFCDC006B2817 /* main.m */ = {isa = PBXFileReference; lastKnownFileType = sourcecode.c.objc; path = main.m; sourceTree = "<group>"; };
		42E3C0A4193EFCDC006B2817 /* Test-Prefix.pch */ = {isa = PBXFileReference; lastKnownFileType = sourcecode.c.h; path = "Test-Prefix.pch"; sourceTree = "<group>"; };
		42E3C0A5193EFCDC006B2817 /* HelloAppDelegate.h */ = {isa = PBXFileReference; lastKnownFileType = sourcecode.c.h; path = HelloAppDelegate.h; sourceTree = "<group>"; };
		42E3C0A6193EFCDC006B2817 /* HelloAppDelegate.m */ = {isa = PBXFileReference; lastKnownFileType = sourcecode.c.objc; path = HelloAppDelegate.m; sourceTree = "<group>"; };
		42E3C0A9193EFCDC006B2817 /* Base */ = {isa = PBXFileReference; lastKnownFileType = file.storyboard; name = Base; path = Base.lproj/Main.storyboard; sourceTree = "<group>"; };
		42E3C0AB193EFCDC006B2817 /* HelloViewController.h */ = {isa = PBXFileReference; lastKnownFileType = sourcecode.c.h; path = HelloViewController.h; sourceTree = "<group>"; };
		42E3C0AC193EFCDC006B2817 /* HelloViewController.m */ = {isa = PBXFileReference; lastKnownFileType = sourcecode.c.objc; path = HelloViewController.m; sourceTree = "<group>"; };
		42E3C0AE193EFCDC006B2817 /* Images.xcassets */ = {isa = PBXFileReference; lastKnownFileType = folder.assetcatalog; path = Images.xcassets; sourceTree = "<group>"; };
		42E3C0B4193EFCDD006B2817 /* TestTests.xctest */ = {isa = PBXFileReference; explicitFileType = wrapper.cfbundle; includeInIndex = 0; path = TestTests.xctest; sourceTree = BUILT_PRODUCTS_DIR; };
		42E3C0B5193EFCDD006B2817 /* XCTest.framework */ = {isa = PBXFileReference; lastKnownFileType = wrapper.framework; name = XCTest.framework; path = Library/Frameworks/XCTest.framework; sourceTree = DEVELOPER_DIR; };
		42E3C0BD193EFCDD006B2817 /* TestTests-Info.plist */ = {isa = PBXFileReference; lastKnownFileType = text.plist.xml; path = "TestTests-Info.plist"; sourceTree = "<group>"; };
		42E3C0BF193EFCDD006B2817 /* en */ = {isa = PBXFileReference; lastKnownFileType = text.plist.strings; name = en; path = en.lproj/InfoPlist.strings; sourceTree = "<group>"; };
		42E3C0C1193EFCDD006B2817 /* TestTests.m */ = {isa = PBXFileReference; lastKnownFileType = sourcecode.c.objc; path = TestTests.m; sourceTree = "<group>"; };
/* End PBXFileReference section */

/* Begin PBXFrameworksBuildPhase section */
		42E3C090193EFCDC006B2817 /* Frameworks */ = {
			isa = PBXFrameworksBuildPhase;
			buildActionMask = 2147483647;
			files = (
				42E3C099193EFCDC006B2817 /* CoreGraphics.framework in Frameworks */,
				42E3C09B193EFCDC006B2817 /* UIKit.framework in Frameworks */,
				42E3C097193EFCDC006B2817 /* Foundation.framework in Frameworks */,
			);
			runOnlyForDeploymentPostprocessing = 0;
		};
		42E3C0B1193EFCDD006B2817 /* Frameworks */ = {
			isa = PBXFrameworksBuildPhase;
			buildActionMask = 2147483647;
			files = (
				42E3C0B6193EFCDD006B2817 /* XCTest.framework in Frameworks */,
				42E3C0B8193EFCDD006B2817 /* UIKit.framework in Frameworks */,
				42E3C0B7193EFCDD006B2817 /* Foundation.framework in Frameworks */,
			);
			runOnlyForDeploymentPostprocessing = 0;
		};
/* End PBXFrameworksBuildPhase section */

/* Begin PBXGroup section */
		42E3C08A193EFCDC006B2817 = {
			isa = PBXGroup;
			children = (
				42E3C09C193EFCDC006B2817 /* Test */,
				42E3C0BB193EFCDD006B2817 /* TestTests */,
				42E3C095193EFCDC006B2817 /* Frameworks */,
				42E3C094193EFCDC006B2817 /* Products */,
			);
			sourceTree = "<group>";
		};
		42E3C094193EFCDC006B2817 /* Products */ = {
			isa = PBXGroup;
			children = (
				42E3C093193EFCDC006B2817 /* Test.app */,
				42E3C0B4193EFCDD006B2817 /* TestTests.xctest */,
			);
			name = Products;
			sourceTree = "<group>";
		};
		42E3C095193EFCDC006B2817 /* Frameworks */ = {
			isa = PBXGroup;
			children = (
				42E3C096193EFCDC006B2817 /* Foundation.framework */,
				42E3C098193EFCDC006B2817 /* CoreGraphics.framework */,
				42E3C09A193EFCDC006B2817 /* UIKit.framework */,
				42E3C0B5193EFCDD006B2817 /* XCTest.framework */,
			);
			name = Frameworks;
			sourceTree = "<group>";
		};
		42E3C09C193EFCDC006B2817 /* Test */ = {
			isa = PBXGroup;
			children = (
				42257177194025AA0056349A /* book-cover-basic-200.jpg */,
				42E3C0A5193EFCDC006B2817 /* HelloAppDelegate.h */,
				42E3C0A6193EFCDC006B2817 /* HelloAppDelegate.m */,
				42E3C0A8193EFCDC006B2817 /* Main.storyboard */,
				42E3C0AB193EFCDC006B2817 /* HelloViewController.h */,
				42E3C0AC193EFCDC006B2817 /* HelloViewController.m */,
				42E3C0AE193EFCDC006B2817 /* Images.xcassets */,
				42E3C09D193EFCDC006B2817 /* Supporting Files */,
				42257174194013990056349A /* TableViewController1.h */,
				42257175194013990056349A /* TableViewController1.m */,
				4225719E194058AC0056349A /* CustomCell.h */,
				4225719F194058AC0056349A /* CustomCell.m */,
				428B3339194ABA75006B9E66 /* MyView.h */,
				428B333A194ABA75006B9E66 /* MyView.m */,
				428B333B194ABA75006B9E66 /* MyView.xib */,
				428B333E194ADA21006B9E66 /* Shop.h */,
				428B333F194ADA21006B9E66 /* Shop.m */,
			);
			path = Test;
			sourceTree = "<group>";
		};
		42E3C09D193EFCDC006B2817 /* Supporting Files */ = {
			isa = PBXGroup;
			children = (
				42E3C09E193EFCDC006B2817 /* Test-Info.plist */,
				42E3C09F193EFCDC006B2817 /* InfoPlist.strings */,
				42E3C0A2193EFCDC006B2817 /* main.m */,
				42E3C0A4193EFCDC006B2817 /* Test-Prefix.pch */,
			);
			name = "Supporting Files";
			sourceTree = "<group>";
		};
		42E3C0BB193EFCDD006B2817 /* TestTests */ = {
			isa = PBXGroup;
			children = (
				42E3C0C1193EFCDD006B2817 /* TestTests.m */,
				42E3C0BC193EFCDD006B2817 /* Supporting Files */,
			);
			path = TestTests;
			sourceTree = "<group>";
		};
		42E3C0BC193EFCDD006B2817 /* Supporting Files */ = {
			isa = PBXGroup;
			children = (
				42E3C0BD193EFCDD006B2817 /* TestTests-Info.plist */,
				42E3C0BE193EFCDD006B2817 /* InfoPlist.strings */,
			);
			name = "Supporting Files";
			sourceTree = "<group>";
		};
/* End PBXGroup section */

/* Begin PBXNativeTarget section */
		42E3C092193EFCDC006B2817 /* Test */ = {
			isa = PBXNativeTarget;
			buildConfigurationList = 42E3C0C5193EFCDD006B2817 /* Build configuration list for PBXNativeTarget "Test" */;
			buildPhases = (
				42E3C08F193EFCDC006B2817 /* Sources */,
				42E3C090193EFCDC006B2817 /* Frameworks */,
				42E3C091193EFCDC006B2817 /* Resources */,
			);
			buildRules = (
			);
			dependencies = (
			);
			name = Test;
			productName = Test;
			productReference = 42E3C093193EFCDC006B2817 /* Test.app */;
			productType = "com.apple.product-type.application";
		};
		42E3C0B3193EFCDD006B2817 /* TestTests */ = {
			isa = PBXNativeTarget;
			buildConfigurationList = 42E3C0C8193EFCDD006B2817 /* Build configuration list for PBXNativeTarget "TestTests" */;
			buildPhases = (
				42E3C0B0193EFCDD006B2817 /* Sources */,
				42E3C0B1193EFCDD006B2817 /* Frameworks */,
				42E3C0B2193EFCDD006B2817 /* Resources */,
			);
			buildRules = (
			);
			dependencies = (
				42E3C0BA193EFCDD006B2817 /* PBXTargetDependency */,
			);
			name = TestTests;
			productName = TestTests;
			productReference = 42E3C0B4193EFCDD006B2817 /* TestTests.xctest */;
			productType = "com.apple.product-type.bundle.unit-test";
		};
/* End PBXNativeTarget section */

/* Begin PBXProject section */
		42E3C08B193EFCDC006B2817 /* Project object */ = {
			isa = PBXProject;
			attributes = {
				CLASSPREFIX = Hello;
				LastUpgradeCheck = 0510;
				ORGANIZATIONNAME = "___FULLUSERNAME___";
				TargetAttributes = {
					42E3C0B3193EFCDD006B2817 = {
						TestTargetID = 42E3C092193EFCDC006B2817;
					};
				};
			};
			buildConfigurationList = 42E3C08E193EFCDC006B2817 /* Build configuration list for PBXProject "Test" */;
			compatibilityVersion = "Xcode 3.2";
			developmentRegion = English;
			hasScannedForEncodings = 0;
			knownRegions = (
				en,
				Base,
			);
			mainGroup = 42E3C08A193EFCDC006B2817;
			productRefGroup = 42E3C094193EFCDC006B2817 /* Products */;
			projectDirPath = "";
			projectRoot = "";
			targets = (
				42E3C092193EFCDC006B2817 /* Test */,
				42E3C0B3193EFCDD006B2817 /* TestTests */,
			);
		};
/* End PBXProject section */

/* Begin PBXResourcesBuildPhase section */
		42E3C091193EFCDC006B2817 /* Resources */ = {
			isa = PBXResourcesBuildPhase;
			buildActionMask = 2147483647;
			files = (
				42257178194025AA0056349A /* book-cover-basic-200.jpg in Resources */,
				42E3C0AF193EFCDC006B2817 /* Images.xcassets in Resources */,
				42E3C0A1193EFCDC006B2817 /* InfoPlist.strings in Resources */,
				428B333D194ABA75006B9E66 /* MyView.xib in Resources */,
				42E3C0AA193EFCDC006B2817 /* Main.storyboard in Resources */,
			);
			runOnlyForDeploymentPostprocessing = 0;
		};
		42E3C0B2193EFCDD006B2817 /* Resources */ = {
			isa = PBXResourcesBuildPhase;
			buildActionMask = 2147483647;
			files = (
				42E3C0C0193EFCDD006B2817 /* InfoPlist.strings in Resources */,
			);
			runOnlyForDeploymentPostprocessing = 0;
		};
/* End PBXResourcesBuildPhase section */

/* Begin PBXSourcesBuildPhase section */
		42E3C08F193EFCDC006B2817 /* Sources */ = {
			isa = PBXSourcesBuildPhase;
			buildActionMask = 2147483647;
			files = (
				428B3340194ADA21006B9E66 /* Shop.m in Sources */,
				42E3C0AD193EFCDC006B2817 /* HelloViewController.m in Sources */,
				42257176194013990056349A /* TableViewController1.m in Sources */,
				428B333C194ABA75006B9E66 /* MyView.m in Sources */,
				42E3C0A3193EFCDC006B2817 /* main.m in Sources */,
				42E3C0A7193EFCDC006B2817 /* HelloAppDelegate.m in Sources */,
				422571A0194058AC0056349A /* CustomCell.m in Sources */,
			);
			runOnlyForDeploymentPostprocessing = 0;
		};
		42E3C0B0193EFCDD006B2817 /* Sources */ = {
			isa = PBXSourcesBuildPhase;
			buildActionMask = 2147483647;
			files = (
				42E3C0C2193EFCDD006B2817 /* TestTests.m in Sources */,
			);
			runOnlyForDeploymentPostprocessing = 0;
		};
/* End PBXSourcesBuildPhase section */

/* Begin PBXTargetDependency section */
		42E3C0BA193EFCDD006B2817 /* PBXTargetDependency */ = {
			isa = PBXTargetDependency;
			target = 42E3C092193EFCDC006B2817 /* Test */;
			targetProxy = 42E3C0B9193EFCDD006B2817 /* PBXContainerItemProxy */;
		};
/* End PBXTargetDependency section */

/* Begin PBXVariantGroup section */
		42E3C09F193EFCDC006B2817 /* InfoPlist.strings */ = {
			isa = PBXVariantGroup;
			children = (
				42E3C0A0193EFCDC006B2817 /* en */,
			);
			name = InfoPlist.strings;
			sourceTree = "<group>";
		};
		42E3C0A8193EFCDC006B2817 /* Main.storyboard */ = {
			isa = PBXVariantGroup;
			children = (
				42E3C0A9193EFCDC006B2817 /* Base */,
			);
			name = Main.storyboard;
			sourceTree = "<group>";
		};
		42E3C0BE193EFCDD006B2817 /* InfoPlist.strings */ = {
			isa = PBXVariantGroup;
			children = (
				42E3C0BF193EFCDD006B2817 /* en */,
			);
			name = InfoPlist.strings;
			sourceTree = "<group>";
		};
/* End PBXVariantGroup section */

/* Begin XCBuildConfiguration section */
		42E3C0C3193EFCDD006B2817 /* Debug */ = {
			isa = XCBuildConfiguration;
			buildSettings = {
				ALWAYS_SEARCH_USER_PATHS = NO;
				CLANG_CXX_LANGUAGE_STANDARD = "gnu++0x";
				CLANG_CXX_LIBRARY = "libc++";
				CLANG_ENABLE_MODULES = YES;
				CLANG_ENABLE_OBJC_ARC = YES;
				CLANG_WARN_BOOL_CONVERSION = YES;
				CLANG_WARN_CONSTANT_CONVERSION = YES;
				CLANG_WARN_DIRECT_OBJC_ISA_USAGE = YES_ERROR;
				CLANG_WARN_EMPTY_BODY = YES;
				CLANG_WARN_ENUM_CONVERSION = YES;
				CLANG_WARN_INT_CONVERSION = YES;
				CLANG_WARN_OBJC_ROOT_CLASS = YES_ERROR;
				CLANG_WARN__DUPLICATE_METHOD_MATCH = YES;
				"CODE_SIGN_IDENTITY[sdk=iphoneos*]" = "iPhone Developer";
				COPY_PHASE_STRIP = NO;
				GCC_C_LANGUAGE_STANDARD = gnu99;
				GCC_DYNAMIC_NO_PIC = NO;
				GCC_OPTIMIZATION_LEVEL = 0;
				GCC_PREPROCESSOR_DEFINITIONS = (
					"DEBUG=1",
					"$(inherited)",
				);
				GCC_SYMBOLS_PRIVATE_EXTERN = NO;
				GCC_WARN_64_TO_32_BIT_CONVERSION = YES;
				GCC_WARN_ABOUT_RETURN_TYPE = YES_ERROR;
				GCC_WARN_UNDECLARED_SELECTOR = YES;
				GCC_WARN_UNINITIALIZED_AUTOS = YES_AGGRESSIVE;
				GCC_WARN_UNUSED_FUNCTION = YES;
				GCC_WARN_UNUSED_VARIABLE = YES;
				IPHONEOS_DEPLOYMENT_TARGET = 7.1;
				ONLY_ACTIVE_ARCH = YES;
				SDKROOT = iphoneos;
			};
			name = Debug;
		};
		42E3C0C4193EFCDD006B2817 /* Release */ = {
			isa = XCBuildConfiguration;
			buildSettings = {
				ALWAYS_SEARCH_USER_PATHS = NO;
				CLANG_CXX_LANGUAGE_STANDARD = "gnu++0x";
				CLANG_CXX_LIBRARY = "libc++";
				CLANG_ENABLE_MODULES = YES;
				CLANG_ENABLE_OBJC_ARC = YES;
				CLANG_WARN_BOOL_CONVERSION = YES;
				CLANG_WARN_CONSTANT_CONVERSION = YES;
				CLANG_WARN_DIRECT_OBJC_ISA_USAGE = YES_ERROR;
				CLANG_WARN_EMPTY_BODY = YES;
				CLANG_WARN_ENUM_CONVERSION = YES;
				CLANG_WARN_INT_CONVERSION = YES;
				CLANG_WARN_OBJC_ROOT_CLASS = YES_ERROR;
				CLANG_WARN__DUPLICATE_METHOD_MATCH = YES;
				"CODE_SIGN_IDENTITY[sdk=iphoneos*]" = "iPhone Developer";
				COPY_PHASE_STRIP = YES;
				ENABLE_NS_ASSERTIONS = NO;
				GCC_C_LANGUAGE_STANDARD = gnu99;
				GCC_WARN_64_TO_32_BIT_CONVERSION = YES;
				GCC_WARN_ABOUT_RETURN_TYPE = YES_ERROR;
				GCC_WARN_UNDECLARED_SELECTOR = YES;
				GCC_WARN_UNINITIALIZED_AUTOS = YES_AGGRESSIVE;
				GCC_WARN_UNUSED_FUNCTION = YES;
				GCC_WARN_UNUSED_VARIABLE = YES;
				IPHONEOS_DEPLOYMENT_TARGET = 7.1;
				SDKROOT = iphoneos;
				VALIDATE_PRODUCT = YES;
			};
			name = Release;
		};
		42E3C0C6193EFCDD006B2817 /* Debug */ = {
			isa = XCBuildConfiguration;
			buildSettings = {
				ASSETCATALOG_COMPILER_APPICON_NAME = AppIcon;
				ASSETCATALOG_COMPILER_LAUNCHIMAGE_NAME = LaunchImage;
				GCC_PRECOMPILE_PREFIX_HEADER = YES;
				GCC_PREFIX_HEADER = "Test/Test-Prefix.pch";
				INFOPLIST_FILE = "Test/Test-Info.plist";
				PRODUCT_NAME = "$(TARGET_NAME)";
				WRAPPER_EXTENSION = app;
			};
			name = Debug;
		};
		42E3C0C7193EFCDD006B2817 /* Release */ = {
			isa = XCBuildConfiguration;
			buildSettings = {
				ASSETCATALOG_COMPILER_APPICON_NAME = AppIcon;
				ASSETCATALOG_COMPILER_LAUNCHIMAGE_NAME = LaunchImage;
				GCC_PRECOMPILE_PREFIX_HEADER = YES;
				GCC_PREFIX_HEADER = "Test/Test-Prefix.pch";
				INFOPLIST_FILE = "Test/Test-Info.plist";
				PRODUCT_NAME = "$(TARGET_NAME)";
				WRAPPER_EXTENSION = app;
			};
			name = Release;
		};
		42E3C0C9193EFCDD006B2817 /* Debug */ = {
			isa = XCBuildConfiguration;
			buildSettings = {
				BUNDLE_LOADER = "$(BUILT_PRODUCTS_DIR)/Test.app/Test";
				FRAMEWORK_SEARCH_PATHS = (
					"$(SDKROOT)/Developer/Library/Frameworks",
					"$(inherited)",
					"$(DEVELOPER_FRAMEWORKS_DIR)",
				);
				GCC_PRECOMPILE_PREFIX_HEADER = YES;
				GCC_PREFIX_HEADER = "Test/Test-Prefix.pch";
				GCC_PREPROCESSOR_DEFINITIONS = (
					"DEBUG=1",
					"$(inherited)",
				);
				INFOPLIST_FILE = "TestTests/TestTests-Info.plist";
				PRODUCT_NAME = "$(TARGET_NAME)";
				TEST_HOST = "$(BUNDLE_LOADER)";
				WRAPPER_EXTENSION = xctest;
			};
			name = Debug;
		};
		42E3C0CA193EFCDD006B2817 /* Release */ = {
			isa = XCBuildConfiguration;
			buildSettings = {
				BUNDLE_LOADER = "$(BUILT_PRODUCTS_DIR)/Test.app/Test";
				FRAMEWORK_SEARCH_PATHS = (
					"$(SDKROOT)/Developer/Library/Frameworks",
					"$(inherited)",
					"$(DEVELOPER_FRAMEWORKS_DIR)",
				);
				GCC_PRECOMPILE_PREFIX_HEADER = YES;
				GCC_PREFIX_HEADER = "Test/Test-Prefix.pch";
				INFOPLIST_FILE = "TestTests/TestTests-Info.plist";
				PRODUCT_NAME = "$(TARGET_NAME)";
				TEST_HOST = "$(BUNDLE_LOADER)";
				WRAPPER_EXTENSION = xctest;
			};
			name = Release;
		};
/* End XCBuildConfiguration section */

/* Begin XCConfigurationList section */
		42E3C08E193EFCDC006B2817 /* Build configuration list for PBXProject "Test" */ = {
			isa = XCConfigurationList;
			buildConfigurations = (
				42E3C0C3193EFCDD006B2817 /* Debug */,
				42E3C0C4193EFCDD006B2817 /* Release */,
			);
			defaultConfigurationIsVisible = 0;
			defaultConfigurationName = Release;
		};
		42E3C0C5193EFCDD006B2817 /* Build configuration list for PBXNativeTarget "Test" */ = {
			isa = XCConfigurationList;
			buildConfigurations = (
				42E3C0C6193EFCDD006B2817 /* Debug */,
				42E3C0C7193EFCDD006B2817 /* Release */,
			);
			defaultConfigurationIsVisible = 0;
			defaultConfigurationName = Release;
		};
		42E3C0C8193EFCDD006B2817 /* Build configuration list for PBXNativeTarget "TestTests" */ = {
			isa = XCConfigurationList;
			buildConfigurations = (
				42E3C0C9193EFCDD006B2817 /* Debug */,
				42E3C0CA193EFCDD006B2817 /* Release */,
			);
			defaultConfigurationIsVisible = 0;
			defaultConfigurationName = Release;
		};
/* End XCConfigurationList section */
	};
	rootObject = 42E3C08B193EFCDC006B2817 /* Project object */;
}
